
Microsoft Visual Studio Solution File, Format Version 12.00
# Visual Studio 15
VisualStudioVersion = 15.0.27130.2036
MinimumVisualStudioVersion = 10.0.40219.1
Project("{FAE04EC0-301F-11D3-BF4B-00C04F79EFBC}") = "Chess", "Chess\Chess.csproj", "{4C9E72B7-7F0C-46C4-A757-51AA1B0AF861}"
EndProject
Project("{FAE04EC0-301F-11D3-BF4B-00C04F79EFBC}") = "GUI", "GUI\GUI.csproj", "{E888DD82-6240-45B9-9D46-D5460043EE9B}"
EndProject
Project("{FAE04EC0-301F-11D3-BF4B-00C04F79EFBC}") = "Visual", "Visual\Visual.csproj", "{181F10A4-21F7-4E66-86C7-7529B1132036}"
EndProject
Global
	GlobalSection(SolutionConfigurationPlatforms) = preSolution
		Debug|Any CPU = Debug|Any CPU
		Release|Any CPU = Release|Any CPU
	EndGlobalSection
	GlobalSection(ProjectConfigurationPlatforms) = postSolution
		{4C9E72B7-7F0C-46C4-A757-51AA1B0AF861}.Debug|Any CPU.ActiveCfg = Debug|Any CPU
		{4C9E72B7-7F0C-46C4-A757-51AA1B0AF861}.Debug|Any CPU.Build.0 = Debug|Any CPU
		{4C9E72B7-7F0C-46C4-A757-51AA1B0AF861}.Release|Any CPU.ActiveCfg = Release|Any CPU
		{4C9E72B7-7F0C-46C4-A757-51AA1B0AF861}.Release|Any CPU.Build.0 = Release|Any CPU
		{E888DD82-6240-45B9-9D46-D5460043EE9B}.Debug|Any CPU.ActiveCfg = Debug|Any CPU
		{E888DD82-6240-45B9-9D46-D5460043EE9B}.Debug|Any CPU.Build.0 = Debug|Any CPU
		{E888DD82-6240-45B9-9D46-D5460043EE9B}.Release|Any CPU.ActiveCfg = Release|Any CPU
		{E888DD82-6240-45B9-9D46-D5460043EE9B}.Release|Any CPU.Build.0 = Release|Any CPU
		{181F10A4-21F7-4E66-86C7-7529B1132036}.Debug|Any CPU.ActiveCfg = Debug|Any CPU
		{181F10A4-21F7-4E66-86C7-7529B1132036}.Debug|Any CPU.Build.0 = Debug|Any CPU
		{181F10A4-21F7-4E66-86C7-7529B1132036}.Release|Any CPU.ActiveCfg = Release|Any CPU
		{181F10A4-21F7-4E66-86C7-7529B1132036}.Release|Any CPU.Build.0 = Release|Any CPU
	EndGlobalSection
	GlobalSection(SolutionProperties) = preSolution
		HideSolutionNode = FALSE
	EndGlobalSection
	GlobalSection(ExtensibilityGlobals) = postSolution
		SolutionGuid = {F9E9A56E-FDF2-4A23-ADE9-799B93533B21}
	EndGlobalSection
EndGlobal
